
Microsoft Visual Studio Solution File, Format Version 12.00
# Visual Studio Version 17
VisualStudioVersion = 17.1.32421.90
MinimumVisualStudioVersion = 10.0.40219.1
Project("{FAE04EC0-301F-11D3-BF4B-00C04F79EFBC}") = "CSharpTarea2", "CSharpTarea2\CSharpTarea2.csproj", "{0FE8312B-0C32-42B4-AA3C-A470638C0321}"
EndProject
Global
	GlobalSection(SolutionConfigurationPlatforms) = preSolution
		Debug|Any CPU = Debug|Any CPU
		Release|Any CPU = Release|Any CPU
	EndGlobalSection
	GlobalSection(ProjectConfigurationPlatforms) = postSolution
		{0FE8312B-0C32-42B4-AA3C-A470638C0321}.Debug|Any CPU.ActiveCfg = Debug|Any CPU
		{0FE8312B-0C32-42B4-AA3C-A470638C0321}.Debug|Any CPU.Build.0 = Debug|Any CPU
		{0FE8312B-0C32-42B4-AA3C-A470638C0321}.Release|Any CPU.ActiveCfg = Release|Any CPU
		{0FE8312B-0C32-42B4-AA3C-A470638C0321}.Release|Any CPU.Build.0 = Release|Any CPU
	EndGlobalSection
	GlobalSection(SolutionProperties) = preSolution
		HideSolutionNode = FALSE
	EndGlobalSection
	GlobalSection(ExtensibilityGlobals) = postSolution
		SolutionGuid = {D1DAB79C-909C-4E40-81B8-7B767C23D3AB}
	EndGlobalSection
EndGlobal
